
Microsoft Visual Studio Solution File, Format Version 12.00
# Visual Studio 15
VisualStudioVersion = 15.0.27130.2003
MinimumVisualStudioVersion = 10.0.40219.1
Project("{FAE04EC0-301F-11D3-BF4B-00C04F79EFBC}") = "Qianliyun Launcher", "Qianliyun Launcher\Qianliyun Launcher.csproj", "{32F6040A-69DF-435F-AC8B-243CDE3A7200}"
EndProject
Project("{2150E333-8FDC-42A3-9474-1A3956D46DE8}") = "Solution Items", "Solution Items", "{6A25CCE9-50D5-4DE0-BAB3-C962E3D29213}"
	ProjectSection(SolutionItems) = preProject
		README.md = README.md
	EndProjectSection
EndProject
Global
	GlobalSection(SolutionConfigurationPlatforms) = preSolution
		Debug (Remote)|Any CPU = Debug (Remote)|Any CPU
		Debug (Remote)|x64 = Debug (Remote)|x64
		Debug (Remote)|x86 = Debug (Remote)|x86
		Debug|Any CPU = Debug|Any CPU
		Debug|x64 = Debug|x64
		Debug|x86 = Debug|x86
		Release|Any CPU = Release|Any CPU
		Release|x64 = Release|x64
		Release|x86 = Release|x86
	EndGlobalSection
	GlobalSection(ProjectConfigurationPlatforms) = postSolution
		{32F6040A-69DF-435F-AC8B-243CDE3A7200}.Debug (Remote)|Any CPU.ActiveCfg = Debug (Remote)|Any CPU
		{32F6040A-69DF-435F-AC8B-243CDE3A7200}.Debug (Remote)|Any CPU.Build.0 = Debug (Remote)|Any CPU
		{32F6040A-69DF-435F-AC8B-243CDE3A7200}.Debug (Remote)|x64.ActiveCfg = Debug (Remote)|x64
		{32F6040A-69DF-435F-AC8B-243CDE3A7200}.Debug (Remote)|x64.Build.0 = Debug (Remote)|x64
		{32F6040A-69DF-435F-AC8B-243CDE3A7200}.Debug (Remote)|x86.ActiveCfg = Debug (Remote)|x86
		{32F6040A-69DF-435F-AC8B-243CDE3A7200}.Debug (Remote)|x86.Build.0 = Debug (Remote)|x86
		{32F6040A-69DF-435F-AC8B-243CDE3A7200}.Debug|Any CPU.ActiveCfg = Debug|Any CPU
		{32F6040A-69DF-435F-AC8B-243CDE3A7200}.Debug|Any CPU.Build.0 = Debug|Any CPU
		{32F6040A-69DF-435F-AC8B-243CDE3A7200}.Debug|x64.ActiveCfg = Debug|x64
		{32F6040A-69DF-435F-AC8B-243CDE3A7200}.Debug|x64.Build.0 = Debug|x64
		{32F6040A-69DF-435F-AC8B-243CDE3A7200}.Debug|x86.ActiveCfg = Debug|x86
		{32F6040A-69DF-435F-AC8B-243CDE3A7200}.Debug|x86.Build.0 = Debug|x86
		{32F6040A-69DF-435F-AC8B-243CDE3A7200}.Release|Any CPU.ActiveCfg = Release|Any CPU
		{32F6040A-69DF-435F-AC8B-243CDE3A7200}.Release|Any CPU.Build.0 = Release|Any CPU
		{32F6040A-69DF-435F-AC8B-243CDE3A7200}.Release|x64.ActiveCfg = Release|x64
		{32F6040A-69DF-435F-AC8B-243CDE3A7200}.Release|x64.Build.0 = Release|x64
		{32F6040A-69DF-435F-AC8B-243CDE3A7200}.Release|x86.ActiveCfg = Release|x86
		{32F6040A-69DF-435F-AC8B-243CDE3A7200}.Release|x86.Build.0 = Release|x86
	EndGlobalSection
	GlobalSection(SolutionProperties) = preSolution
		HideSolutionNode = FALSE
	EndGlobalSection
	GlobalSection(ExtensibilityGlobals) = postSolution
		SolutionGuid = {C3130824-EBBF-401A-B657-7BE59EDB58E9}
	EndGlobalSection
EndGlobal
